github.com/jychri/goku v0.1.1 h1:2BltegBfTJTw02IFX2qlweJ2GEQ19+DNanvONk2pEB4=
github.com/jychri/goku v0.1.1/go.mod h1:uwOmQOuzmoF/ocZKP+cH6mEPPzeNBENLj9rIHtACgN8=
github.com/jychri/goku v0.1.2 h1:szZ7Hax3R6FTmwXJRNw14eN2VyI4r71tgwVnEXBOD6A=
github.com/jychri/goku v0.1.2/go.mod h1:uwOmQOuzmoF/ocZKP+cH6mEPPzeNBENLj9rIHtACgN8=
